Microsoft Visual Studio Solution File, Format Version 12.00
# Visual Studio 15
VisualStudioVersion = 15.0.27130.2036
MinimumVisualStudioVersion = 15.0.26124.0
Project("{9A19103F-16F7-4668-BE54-9A1E7A4F7556}") = "HackerCalc.Parser", "HackerCalc.Parser\HackerCalc.Parser.csproj", "{217C1B3E-ACC6-41BB-B9D3-5C937B9148B2}"
EndProject
Project("{9A19103F-16F7-4668-BE54-9A1E7A4F7556}") = "HackerCalc.Test", "HackerCalc.Test\HackerCalc.Test.csproj", "{E5610D7D-FC52-4406-9908-C8E42FE5323B}"
EndProject
Project("{2150E333-8FDC-42A3-9474-1A3956D46DE8}") = "Solution Items", "Solution Items", "{E1A4F5ED-891B-43F2-8363-42C9DA15E61E}"
	ProjectSection(SolutionItems) = preProject
		LICENSE = LICENSE
		NOTES.md = NOTES.md
		README.md = README.md
	EndProjectSection
EndProject
Project("{9A19103F-16F7-4668-BE54-9A1E7A4F7556}") = "HackerCalc.Run", "HackerCalc.Run\HackerCalc.Run.csproj", "{98404A28-E24A-4939-AC58-CD1C0BDC2407}"
EndProject
Project("{FAE04EC0-301F-11D3-BF4B-00C04F79EFBC}") = "HackerCalc.Common", "HackerCalc.Common\HackerCalc.Common.csproj", "{C07AD894-0D40-4C1F-B650-519F6F4AD85E}"
EndProject
Global
	GlobalSection(SolutionConfigurationPlatforms) = preSolution
		Debug|Any CPU = Debug|Any CPU
		Release|Any CPU = Release|Any CPU
	EndGlobalSection
	GlobalSection(ProjectConfigurationPlatforms) = postSolution
		{217C1B3E-ACC6-41BB-B9D3-5C937B9148B2}.Debug|Any CPU.ActiveCfg = Debug|Any CPU
		{217C1B3E-ACC6-41BB-B9D3-5C937B9148B2}.Debug|Any CPU.Build.0 = Debug|Any CPU
		{217C1B3E-ACC6-41BB-B9D3-5C937B9148B2}.Release|Any CPU.ActiveCfg = Release|Any CPU
		{217C1B3E-ACC6-41BB-B9D3-5C937B9148B2}.Release|Any CPU.Build.0 = Release|Any CPU
		{E5610D7D-FC52-4406-9908-C8E42FE5323B}.Debug|Any CPU.ActiveCfg = Debug|Any CPU
		{E5610D7D-FC52-4406-9908-C8E42FE5323B}.Debug|Any CPU.Build.0 = Debug|Any CPU
		{E5610D7D-FC52-4406-9908-C8E42FE5323B}.Release|Any CPU.ActiveCfg = Release|Any CPU
		{E5610D7D-FC52-4406-9908-C8E42FE5323B}.Release|Any CPU.Build.0 = Release|Any CPU
		{98404A28-E24A-4939-AC58-CD1C0BDC2407}.Debug|Any CPU.ActiveCfg = Debug|Any CPU
		{98404A28-E24A-4939-AC58-CD1C0BDC2407}.Debug|Any CPU.Build.0 = Debug|Any CPU
		{98404A28-E24A-4939-AC58-CD1C0BDC2407}.Release|Any CPU.ActiveCfg = Release|Any CPU
		{98404A28-E24A-4939-AC58-CD1C0BDC2407}.Release|Any CPU.Build.0 = Release|Any CPU
		{C07AD894-0D40-4C1F-B650-519F6F4AD85E}.Debug|Any CPU.ActiveCfg = Debug|Any CPU
		{C07AD894-0D40-4C1F-B650-519F6F4AD85E}.Debug|Any CPU.Build.0 = Debug|Any CPU
		{C07AD894-0D40-4C1F-B650-519F6F4AD85E}.Release|Any CPU.ActiveCfg = Release|Any CPU
		{C07AD894-0D40-4C1F-B650-519F6F4AD85E}.Release|Any CPU.Build.0 = Release|Any CPU
	EndGlobalSection
	GlobalSection(SolutionProperties) = preSolution
		HideSolutionNode = FALSE
	EndGlobalSection
	GlobalSection(ExtensibilityGlobals) = postSolution
		SolutionGuid = {C9F40C80-EA97-4B12-B752-0602DFEE4A54}
	EndGlobalSection
EndGlobal
